
Microsoft Visual Studio Solution File, Format Version 12.00
# Visual Studio Version 17
VisualStudioVersion = 17.5.33209.295
MinimumVisualStudioVersion = 10.0.40219.1
Project("{FAE04EC0-301F-11D3-BF4B-00C04F79EFBC}") = "AlasdairCooper.MvcBlazorTest", "AlasdairCooper.MvcBlazorTest\AlasdairCooper.MvcBlazorTest.csproj", "{5B5E9B06-4AD4-47F3-8DE2-D72C85C0E0BF}"
EndProject
Global
	GlobalSection(SolutionConfigurationPlatforms) = preSolution
		Debug|Any CPU = Debug|Any CPU
		Release|Any CPU = Release|Any CPU
	EndGlobalSection
	GlobalSection(ProjectConfigurationPlatforms) = postSolution
		{5B5E9B06-4AD4-47F3-8DE2-D72C85C0E0BF}.Debug|Any CPU.ActiveCfg = Debug|Any CPU
		{5B5E9B06-4AD4-47F3-8DE2-D72C85C0E0BF}.Debug|Any CPU.Build.0 = Debug|Any CPU
		{5B5E9B06-4AD4-47F3-8DE2-D72C85C0E0BF}.Release|Any CPU.ActiveCfg = Release|Any CPU
		{5B5E9B06-4AD4-47F3-8DE2-D72C85C0E0BF}.Release|Any CPU.Build.0 = Release|Any CPU
	EndGlobalSection
	GlobalSection(SolutionProperties) = preSolution
		HideSolutionNode = FALSE
	EndGlobalSection
	GlobalSection(ExtensibilityGlobals) = postSolution
		SolutionGuid = {D5AE4581-34A3-49CE-A24E-1BB9DF11F475}
	EndGlobalSection
EndGlobal
